{
  "nodes": {
    "flake-utils": {
      "inputs": {
        "systems": "systems"
      },
      "locked": {
        "lastModified": 1689068808,
        "narHash": "sha256-6ixXo3wt24N/melDWjq70UuHQLxGV8jZvooRanIHXw0=",
        "owner": "numtide",
        "repo": "flake-utils",
        "rev": "919d646de7be200f3bf08cb76ae1f09402b6f9b4",
        "type": "github"
      },
      "original": {
        "owner": "numtide",
        "repo": "flake-utils",
        "type": "github"
      }
    },
    "nixpkgs": {
      "locked": {
        "lastModified": 1690640159,
        "narHash": "sha256-5DZUYnkeMOsVb/eqPYb9zns5YsnQXRJRC8Xx/nPMcno=",
        "owner": "nixos",
        "repo": "nixpkgs",
        "rev": "e6ab46982debeab9831236869539a507f670a129",
        "type": "github"
      },
      "original": {
        "owner": "nixos",
        "ref": "nixos-unstable",
        "repo": "nixpkgs",
        "type": "github"
      }
    },
    "nixpkgs_2": {
      "locked": {
        "lastModified": 1683185507,
        "narHash": "sha256-Wcj09pigMFgj+0borXeoJvVMwH2Rc4gkSq4BwNq3k7s=",
        "owner": "NixOS",
        "repo": "nixpkgs",
        "rev": "63464b8c2837ec56e1d610f5bd2a9b8e1f532c07",
        "type": "github"
      },
      "original": {
        "id": "nixpkgs",
        "type": "indirect"
      }
    },
    "root": {
      "inputs": {
        "flake-utils": "flake-utils",
        "nixpkgs": "nixpkgs",
        "rust": "rust"
      }
    },
    "rust": {
      "inputs": {
        "nixpkgs": "nixpkgs_2"
      },
      "locked": {
        "lastModified": 1689281833,
        "narHash": "sha256-+VQV7vtmrFNl5MEKASZ3Kc/y9J2ljEljbw500g5rb/E=",
        "owner": "arcnmx",
        "repo": "nixexprs-rust",
        "rev": "ec3881a307d3b586b2942af40e7053c8b264300e",
        "type": "github"
      },
      "original": {
        "owner": "arcnmx",
        "repo": "nixexprs-rust",
        "type": "github"
      }
    },
    "systems": {
      "locked": {
        "lastModified": 1681028828,
        "narHash": "sha256-Vy1rq5AaRuLzOxct8nz4T6wlgyUR7zLU309k9mBC768=",
        "owner": "nix-systems",
        "repo": "default",
        "rev": "da67096a3b9bf56a91d16901293e51ba5b49a27e",
        "type": "github"
      },
      "original": {
        "owner": "nix-systems",
        "repo": "default",
        "type": "github"
      }
    }
  },
  "root": "root",
  "version": 7
}
